// !$*UTF8*$!
{
	archiveVersion = 1;
	classes = {
	};
	objectVersion = 51;
	objects = {

/* Begin PBXBuildFile section */
		714426412512421640FEB7C4 /* Pods_himalayafm.framework in Frameworks */ = {isa = PBXBuildFile; fileRef = FE7FC65829867A50A856845D /* Pods_himalayafm.framework */; };
		989FBFF623CC4F04000254C1 /* MZHomeRecommandViewController.swift in Sources */ = {isa = PBXBuildFile; fileRef = 989FBFF523CC4F04000254C1 /* MZHomeRecommandViewController.swift */; };
		989FBFFB23CC4F43000254C1 /* MZHomeClassifyViewController.swift in Sources */ = {isa = PBXBuildFile; fileRef = 989FBFFA23CC4F43000254C1 /* MZHomeClassifyViewController.swift */; };
		989FBFFD23CC4F5E000254C1 /* MZHomeBroadcastViewController.swift in Sources */ = {isa = PBXBuildFile; fileRef = 989FBFFC23CC4F5E000254C1 /* MZHomeBroadcastViewController.swift */; };
		989FBFFF23CC4F7B000254C1 /* MZHomeLiveViewController.swift in Sources */ = {isa = PBXBuildFile; fileRef = 989FBFFE23CC4F7B000254C1 /* MZHomeLiveViewController.swift */; };
		989FC00123CC4F8A000254C1 /* MZHomeVIPViewController.swift in Sources */ = {isa = PBXBuildFile; fileRef = 989FC00023CC4F8A000254C1 /* MZHomeVIPViewController.swift */; };
		989FC00423CC73A2000254C1 /* MZRecommandHeaderView.swift in Sources */ = {isa = PBXBuildFile; fileRef = 989FC00323CC73A2000254C1 /* MZRecommandHeaderView.swift */; };
		989FC00623CC7419000254C1 /* MZRecommandFooterView.swift in Sources */ = {isa = PBXBuildFile; fileRef = 989FC00523CC7419000254C1 /* MZRecommandFooterView.swift */; };
		98DC2E4623C315CE00316E38 /* AppDelegate.swift in Sources */ = {isa = PBXBuildFile; fileRef = 98DC2E4523C315CE00316E38 /* AppDelegate.swift */; };
		98DC2E4823C315CE00316E38 /* SceneDelegate.swift in Sources */ = {isa = PBXBuildFile; fileRef = 98DC2E4723C315CE00316E38 /* SceneDelegate.swift */; };
		98DC2E4A23C315CE00316E38 /* ViewController.swift in Sources */ = {isa = PBXBuildFile; fileRef = 98DC2E4923C315CE00316E38 /* ViewController.swift */; };
		98DC2E4D23C315CE00316E38 /* Main.storyboard in Resources */ = {isa = PBXBuildFile; fileRef = 98DC2E4B23C315CE00316E38 /* Main.storyboard */; };
		98DC2E4F23C315CF00316E38 /* Assets.xcassets in Resources */ = {isa = PBXBuildFile; fileRef = 98DC2E4E23C315CF00316E38 /* Assets.xcassets */; };
		98DC2E5223C315CF00316E38 /* LaunchScreen.storyboard in Resources */ = {isa = PBXBuildFile; fileRef = 98DC2E5023C315CF00316E38 /* LaunchScreen.storyboard */; };
		98DC2E5D23C337A400316E38 /* MZHomeViewController.swift in Sources */ = {isa = PBXBuildFile; fileRef = 98DC2E5C23C337A400316E38 /* MZHomeViewController.swift */; };
		98DC2E6123C338CF00316E38 /* MZCustomTabBarController.swift in Sources */ = {isa = PBXBuildFile; fileRef = 98DC2E6023C338CF00316E38 /* MZCustomTabBarController.swift */; };
		98DC2E6323C33D5A00316E38 /* MZListenViewController.swift in Sources */ = {isa = PBXBuildFile; fileRef = 98DC2E6223C33D5A00316E38 /* MZListenViewController.swift */; };
		98DC2E6523C33D8500316E38 /* MZDiscoverViewController.swift in Sources */ = {isa = PBXBuildFile; fileRef = 98DC2E6423C33D8500316E38 /* MZDiscoverViewController.swift */; };
		98DC2E6723C33DEC00316E38 /* MZMineViewController.swift in Sources */ = {isa = PBXBuildFile; fileRef = 98DC2E6623C33DEC00316E38 /* MZMineViewController.swift */; };
		98DC2E6923C33DF600316E38 /* MZPlayViewController.swift in Sources */ = {isa = PBXBuildFile; fileRef = 98DC2E6823C33DF600316E38 /* MZPlayViewController.swift */; };
		98DC2E6B23C340CF00316E38 /* MZIrregularityContentView.swift in Sources */ = {isa = PBXBuildFile; fileRef = 98DC2E6A23C340CF00316E38 /* MZIrregularityContentView.swift */; };
		98DC2E7223C352FE00316E38 /* MZBounceContentView.swift in Sources */ = {isa = PBXBuildFile; fileRef = 98DC2E7123C352FE00316E38 /* MZBounceContentView.swift */; };
		98DC2E7423C3553C00316E38 /* MZNavigationController.swift in Sources */ = {isa = PBXBuildFile; fileRef = 98DC2E7323C3553C00316E38 /* MZNavigationController.swift */; };
		98DC2E7D23C355AE00316E38 /* WRNavigationBar.swift in Sources */ = {isa = PBXBuildFile; fileRef = 98DC2E7723C355AE00316E38 /* WRNavigationBar.swift */; };
		98DC2E7E23C355AE00316E38 /* WRCustomNavigationBar.swift in Sources */ = {isa = PBXBuildFile; fileRef = 98DC2E7823C355AE00316E38 /* WRCustomNavigationBar.swift */; };
		98DC2E7F23C355AE00316E38 /* WRProxy.swift in Sources */ = {isa = PBXBuildFile; fileRef = 98DC2E7A23C355AE00316E38 /* WRProxy.swift */; };
		98DC2E8023C355AE00316E38 /* WRCycleScrollView.swift in Sources */ = {isa = PBXBuildFile; fileRef = 98DC2E7B23C355AE00316E38 /* WRCycleScrollView.swift */; };
		98DC2E8123C355AE00316E38 /* WRCycleCell.swift in Sources */ = {isa = PBXBuildFile; fileRef = 98DC2E7C23C355AE00316E38 /* WRCycleCell.swift */; };
		98DC2E8323C3566400316E38 /* MZHeader.swift in Sources */ = {isa = PBXBuildFile; fileRef = 98DC2E8223C3566400316E38 /* MZHeader.swift */; };
/* End PBXBuildFile section */

/* Begin PBXFileReference section */
		5A95D5FF408F4F2422C7EC55 /* Pods-himalayafm.debug.xcconfig */ = {isa = PBXFileReference; includeInIndex = 1; lastKnownFileType = text.xcconfig; name = "Pods-himalayafm.debug.xcconfig"; path = "Target Support Files/Pods-himalayafm/Pods-himalayafm.debug.xcconfig"; sourceTree = "<group>"; };
		989FBFF523CC4F04000254C1 /* MZHomeRecommandViewController.swift */ = {isa = PBXFileReference; lastKnownFileType = sourcecode.swift; path = MZHomeRecommandViewController.swift; sourceTree = "<group>"; };
		989FBFFA23CC4F43000254C1 /* MZHomeClassifyViewController.swift */ = {isa = PBXFileReference; lastKnownFileType = sourcecode.swift; path = MZHomeClassifyViewController.swift; sourceTree = "<group>"; };
		989FBFFC23CC4F5E000254C1 /* MZHomeBroadcastViewController.swift */ = {isa = PBXFileReference; lastKnownFileType = sourcecode.swift; path = MZHomeBroadcastViewController.swift; sourceTree = "<group>"; };
		989FBFFE23CC4F7B000254C1 /* MZHomeLiveViewController.swift */ = {isa = PBXFileReference; lastKnownFileType = sourcecode.swift; path = MZHomeLiveViewController.swift; sourceTree = "<group>"; };
		989FC00023CC4F8A000254C1 /* MZHomeVIPViewController.swift */ = {isa = PBXFileReference; lastKnownFileType = sourcecode.swift; path = MZHomeVIPViewController.swift; sourceTree = "<group>"; };
		989FC00323CC73A2000254C1 /* MZRecommandHeaderView.swift */ = {isa = PBXFileReference; lastKnownFileType = sourcecode.swift; path = MZRecommandHeaderView.swift; sourceTree = "<group>"; };
		989FC00523CC7419000254C1 /* MZRecommandFooterView.swift */ = {isa = PBXFileReference; lastKnownFileType = sourcecode.swift; path = MZRecommandFooterView.swift; sourceTree = "<group>"; };
		98DC2E4223C315CE00316E38 /* himalayafm.app */ = {isa = PBXFileReference; explicitFileType = wrapper.application; includeInIndex = 0; path = himalayafm.app; sourceTree = BUILT_PRODUCTS_DIR; };
		98DC2E4523C315CE00316E38 /* AppDelegate.swift */ = {isa = PBXFileReference; lastKnownFileType = sourcecode.swift; path = AppDelegate.swift; sourceTree = "<group>"; };
		98DC2E4723C315CE00316E38 /* SceneDelegate.swift */ = {isa = PBXFileReference; lastKnownFileType = sourcecode.swift; path = SceneDelegate.swift; sourceTree = "<group>"; };
		98DC2E4923C315CE00316E38 /* ViewController.swift */ = {isa = PBXFileReference; lastKnownFileType = sourcecode.swift; path = ViewController.swift; sourceTree = "<group>"; };
		98DC2E4C23C315CE00316E38 /* Base */ = {isa = PBXFileReference; lastKnownFileType = file.storyboard; name = Base; path = Base.lproj/Main.storyboard; sourceTree = "<group>"; };
		98DC2E4E23C315CF00316E38 /* Assets.xcassets */ = {isa = PBXFileReference; lastKnownFileType = folder.assetcatalog; path = Assets.xcassets; sourceTree = "<group>"; };
		98DC2E5123C315CF00316E38 /* Base */ = {isa = PBXFileReference; lastKnownFileType = file.storyboard; name = Base; path = Base.lproj/LaunchScreen.storyboard; sourceTree = "<group>"; };
		98DC2E5323C315CF00316E38 /* Info.plist */ = {isa = PBXFileReference; lastKnownFileType = text.plist.xml; path = Info.plist; sourceTree = "<group>"; };
		98DC2E5C23C337A400316E38 /* MZHomeViewController.swift */ = {isa = PBXFileReference; lastKnownFileType = sourcecode.swift; path = MZHomeViewController.swift; sourceTree = "<group>"; };
		98DC2E6023C338CF00316E38 /* MZCustomTabBarController.swift */ = {isa = PBXFileReference; fileEncoding = 4; lastKnownFileType = sourcecode.swift; path = MZCustomTabBarController.swift; sourceTree = "<group>"; };
		98DC2E6223C33D5A00316E38 /* MZListenViewController.swift */ = {isa = PBXFileReference; lastKnownFileType = sourcecode.swift; path = MZListenViewController.swift; sourceTree = "<group>"; };
		98DC2E6423C33D8500316E38 /* MZDiscoverViewController.swift */ = {isa = PBXFileReference; lastKnownFileType = sourcecode.swift; path = MZDiscoverViewController.swift; sourceTree = "<group>"; };
		98DC2E6623C33DEC00316E38 /* MZMineViewController.swift */ = {isa = PBXFileReference; lastKnownFileType = sourcecode.swift; path = MZMineViewController.swift; sourceTree = "<group>"; };
		98DC2E6823C33DF600316E38 /* MZPlayViewController.swift */ = {isa = PBXFileReference; lastKnownFileType = sourcecode.swift; path = MZPlayViewController.swift; sourceTree = "<group>"; };
		98DC2E6A23C340CF00316E38 /* MZIrregularityContentView.swift */ = {isa = PBXFileReference; lastKnownFileType = sourcecode.swift; path = MZIrregularityContentView.swift; sourceTree = "<group>"; };
		98DC2E7123C352FE00316E38 /* MZBounceContentView.swift */ = {isa = PBXFileReference; lastKnownFileType = sourcecode.swift; path = MZBounceContentView.swift; sourceTree = "<group>"; };
		98DC2E7323C3553C00316E38 /* MZNavigationController.swift */ = {isa = PBXFileReference; lastKnownFileType = sourcecode.swift; path = MZNavigationController.swift; sourceTree = "<group>"; };
		98DC2E7723C355AE00316E38 /* WRNavigationBar.swift */ = {isa = PBXFileReference; fileEncoding = 4; lastKnownFileType = sourcecode.swift; path = WRNavigationBar.swift; sourceTree = "<group>"; };
		98DC2E7823C355AE00316E38 /* WRCustomNavigationBar.swift */ = {isa = PBXFileReference; fileEncoding = 4; lastKnownFileType = sourcecode.swift; path = WRCustomNavigationBar.swift; sourceTree = "<group>"; };
		98DC2E7A23C355AE00316E38 /* WRProxy.swift */ = {isa = PBXFileReference; fileEncoding = 4; lastKnownFileType = sourcecode.swift; path = WRProxy.swift; sourceTree = "<group>"; };
		98DC2E7B23C355AE00316E38 /* WRCycleScrollView.swift */ = {isa = PBXFileReference; fileEncoding = 4; lastKnownFileType = sourcecode.swift; path = WRCycleScrollView.swift; sourceTree = "<group>"; };
		98DC2E7C23C355AE00316E38 /* WRCycleCell.swift */ = {isa = PBXFileReference; fileEncoding = 4; lastKnownFileType = sourcecode.swift; path = WRCycleCell.swift; sourceTree = "<group>"; };
		98DC2E8223C3566400316E38 /* MZHeader.swift */ = {isa = PBXFileReference; lastKnownFileType = sourcecode.swift; path = MZHeader.swift; sourceTree = "<group>"; };
		B0529E81282DE039B94CD61C /* Pods-himalayafm.release.xcconfig */ = {isa = PBXFileReference; includeInIndex = 1; lastKnownFileType = text.xcconfig; name = "Pods-himalayafm.release.xcconfig"; path = "Target Support Files/Pods-himalayafm/Pods-himalayafm.release.xcconfig"; sourceTree = "<group>"; };
		FE7FC65829867A50A856845D /* Pods_himalayafm.framework */ = {isa = PBXFileReference; explicitFileType = wrapper.framework; includeInIndex = 0; path = Pods_himalayafm.framework; sourceTree = BUILT_PRODUCTS_DIR; };
/* End PBXFileReference section */

/* Begin PBXFrameworksBuildPhase section */
		98DC2E3F23C315CE00316E38 /* Frameworks */ = {
			isa = PBXFrameworksBuildPhase;
			buildActionMask = 2147483647;
			files = (
				714426412512421640FEB7C4 /* Pods_himalayafm.framework in Frameworks */,
			);
			runOnlyForDeploymentPostprocessing = 0;
		};
/* End PBXFrameworksBuildPhase section */

/* Begin PBXGroup section */
		5B0129DD448DCB715A5B304C /* Pods */ = {
			isa = PBXGroup;
			children = (
				5A95D5FF408F4F2422C7EC55 /* Pods-himalayafm.debug.xcconfig */,
				B0529E81282DE039B94CD61C /* Pods-himalayafm.release.xcconfig */,
			);
			path = Pods;
			sourceTree = "<group>";
		};
		989FBFF023CC4E67000254C1 /* Recommand */ = {
			isa = PBXGroup;
			children = (
				989FC00223CC6E1C000254C1 /* Views */,
				989FBFF523CC4F04000254C1 /* MZHomeRecommandViewController.swift */,
			);
			path = Recommand;
			sourceTree = "<group>";
		};
		989FBFF223CC4E90000254C1 /* VIP */ = {
			isa = PBXGroup;
			children = (
				989FC00023CC4F8A000254C1 /* MZHomeVIPViewController.swift */,
			);
			path = VIP;
			sourceTree = "<group>";
		};
		989FBFF323CC4E96000254C1 /* Live */ = {
			isa = PBXGroup;
			children = (
				989FBFFE23CC4F7B000254C1 /* MZHomeLiveViewController.swift */,
			);
			path = Live;
			sourceTree = "<group>";
		};
		989FBFF423CC4EC7000254C1 /* Broadcast */ = {
			isa = PBXGroup;
			children = (
				989FBFFC23CC4F5E000254C1 /* MZHomeBroadcastViewController.swift */,
			);
			path = Broadcast;
			sourceTree = "<group>";
		};
		989FBFF923CC4F2C000254C1 /* Classify */ = {
			isa = PBXGroup;
			children = (
				989FBFFA23CC4F43000254C1 /* MZHomeClassifyViewController.swift */,
			);
			path = Classify;
			sourceTree = "<group>";
		};
		989FC00223CC6E1C000254C1 /* Views */ = {
			isa = PBXGroup;
			children = (
				989FC00323CC73A2000254C1 /* MZRecommandHeaderView.swift */,
				989FC00523CC7419000254C1 /* MZRecommandFooterView.swift */,
			);
			path = Views;
			sourceTree = "<group>";
		};
		98DC2E3923C315CE00316E38 = {
			isa = PBXGroup;
			children = (
				98DC2E4423C315CE00316E38 /* himalayafm */,
				98DC2E4323C315CE00316E38 /* Products */,
				5B0129DD448DCB715A5B304C /* Pods */,
				A90A65EBFBBA24D16AE12CA6 /* Frameworks */,
			);
			sourceTree = "<group>";
		};
		98DC2E4323C315CE00316E38 /* Products */ = {
			isa = PBXGroup;
			children = (
				98DC2E4223C315CE00316E38 /* himalayafm.app */,
			);
			name = Products;
			sourceTree = "<group>";
		};
		98DC2E4423C315CE00316E38 /* himalayafm */ = {
			isa = PBXGroup;
			children = (
				98DC2E8223C3566400316E38 /* MZHeader.swift */,
				98DC2E4523C315CE00316E38 /* AppDelegate.swift */,
				98DC2E5323C315CF00316E38 /* Info.plist */,
				98DC2E5023C315CF00316E38 /* LaunchScreen.storyboard */,
				98DC2E4E23C315CF00316E38 /* Assets.xcassets */,
				98DC2E7523C3558D00316E38 /* Libs */,
				98DC2E6F23C3520B00316E38 /* Discover */,
				98DC2E6C23C351D700316E38 /* Home */,
				98DC2E6D23C351E600316E38 /* Listen */,
				98DC2E5923C3310100316E38 /* Main */,
				98DC2E4B23C315CE00316E38 /* Main.storyboard */,
				98DC2E7023C3521D00316E38 /* Mine */,
				98DC2E6E23C3520100316E38 /* Play */,
				98DC2E4723C315CE00316E38 /* SceneDelegate.swift */,
				98DC2E4923C315CE00316E38 /* ViewController.swift */,
			);
			path = himalayafm;
			sourceTree = "<group>";
		};
		98DC2E5923C3310100316E38 /* Main */ = {
			isa = PBXGroup;
			children = (
				98DC2E6023C338CF00316E38 /* MZCustomTabBarController.swift */,
				98DC2E6A23C340CF00316E38 /* MZIrregularityContentView.swift */,
				98DC2E7123C352FE00316E38 /* MZBounceContentView.swift */,
				98DC2E7323C3553C00316E38 /* MZNavigationController.swift */,
			);
			path = Main;
			sourceTree = "<group>";
		};
		98DC2E6C23C351D700316E38 /* Home */ = {
			isa = PBXGroup;
			children = (
				98DC2E5C23C337A400316E38 /* MZHomeViewController.swift */,
				989FBFF923CC4F2C000254C1 /* Classify */,
				989FBFF423CC4EC7000254C1 /* Broadcast */,
				989FBFF323CC4E96000254C1 /* Live */,
				989FBFF223CC4E90000254C1 /* VIP */,
				989FBFF023CC4E67000254C1 /* Recommand */,
			);
			path = Home;
			sourceTree = "<group>";
		};
		98DC2E6D23C351E600316E38 /* Listen */ = {
			isa = PBXGroup;
			children = (
				98DC2E6223C33D5A00316E38 /* MZListenViewController.swift */,
			);
			path = Listen;
			sourceTree = "<group>";
		};
		98DC2E6E23C3520100316E38 /* Play */ = {
			isa = PBXGroup;
			children = (
				98DC2E6823C33DF600316E38 /* MZPlayViewController.swift */,
			);
			path = Play;
			sourceTree = "<group>";
		};
		98DC2E6F23C3520B00316E38 /* Discover */ = {
			isa = PBXGroup;
			children = (
				98DC2E6423C33D8500316E38 /* MZDiscoverViewController.swift */,
			);
			path = Discover;
			sourceTree = "<group>";
		};
		98DC2E7023C3521D00316E38 /* Mine */ = {
			isa = PBXGroup;
			children = (
				98DC2E6623C33DEC00316E38 /* MZMineViewController.swift */,
			);
			path = Mine;
			sourceTree = "<group>";
		};
		98DC2E7523C3558D00316E38 /* Libs */ = {
			isa = PBXGroup;
			children = (
				98DC2E7623C355AE00316E38 /* WRNavigationBar */,
			);
			path = Libs;
			sourceTree = "<group>";
		};
		98DC2E7623C355AE00316E38 /* WRNavigationBar */ = {
			isa = PBXGroup;
			children = (
				98DC2E7723C355AE00316E38 /* WRNavigationBar.swift */,
				98DC2E7823C355AE00316E38 /* WRCustomNavigationBar.swift */,
				98DC2E7923C355AE00316E38 /* WRCycleScrollView */,
			);
			path = WRNavigationBar;
			sourceTree = "<group>";
		};
		98DC2E7923C355AE00316E38 /* WRCycleScrollView */ = {
			isa = PBXGroup;
			children = (
				98DC2E7A23C355AE00316E38 /* WRProxy.swift */,
				98DC2E7B23C355AE00316E38 /* WRCycleScrollView.swift */,
				98DC2E7C23C355AE00316E38 /* WRCycleCell.swift */,
			);
			path = WRCycleScrollView;
			sourceTree = "<group>";
		};
		A90A65EBFBBA24D16AE12CA6 /* Frameworks */ = {
			isa = PBXGroup;
			children = (
				FE7FC65829867A50A856845D /* Pods_himalayafm.framework */,
			);
			name = Frameworks;
			sourceTree = "<group>";
		};
/* End PBXGroup section */

/* Begin PBXNativeTarget section */
		98DC2E4123C315CE00316E38 /* himalayafm */ = {
			isa = PBXNativeTarget;
			buildConfigurationList = 98DC2E5623C315CF00316E38 /* Build configuration list for PBXNativeTarget "himalayafm" */;
			buildPhases = (
				5C5EC76D3B95ED8A9FD67870 /* [CP] Check Pods Manifest.lock */,
				98DC2E3E23C315CE00316E38 /* Sources */,
				98DC2E3F23C315CE00316E38 /* Frameworks */,
				98DC2E4023C315CE00316E38 /* Resources */,
				137E471C9BAB6C1432BBE513 /* [CP] Embed Pods Frameworks */,
			);
			buildRules = (
			);
			dependencies = (
			);
			name = himalayafm;
			productName = himalayafm;
			productReference = 98DC2E4223C315CE00316E38 /* himalayafm.app */;
			productType = "com.apple.product-type.application";
		};
/* End PBXNativeTarget section */

/* Begin PBXProject section */
		98DC2E3A23C315CE00316E38 /* Project object */ = {
			isa = PBXProject;
			attributes = {
				CLASSPREFIX = MZ;
				LastSwiftUpdateCheck = 1130;
				LastUpgradeCheck = 1130;
				ORGANIZATIONNAME = fusu;
				TargetAttributes = {
					98DC2E4123C315CE00316E38 = {
						CreatedOnToolsVersion = 11.3;
					};
				};
			};
			buildConfigurationList = 98DC2E3D23C315CE00316E38 /* Build configuration list for PBXProject "himalayafm" */;
			compatibilityVersion = "Xcode 9.3";
			developmentRegion = en;
			hasScannedForEncodings = 0;
			knownRegions = (
				en,
				Base,
			);
			mainGroup = 98DC2E3923C315CE00316E38;
			productRefGroup = 98DC2E4323C315CE00316E38 /* Products */;
			projectDirPath = "";
			projectRoot = "";
			targets = (
				98DC2E4123C315CE00316E38 /* himalayafm */,
			);
		};
/* End PBXProject section */

/* Begin PBXResourcesBuildPhase section */
		98DC2E4023C315CE00316E38 /* Resources */ = {
			isa = PBXResourcesBuildPhase;
			buildActionMask = 2147483647;
			files = (
				98DC2E5223C315CF00316E38 /* LaunchScreen.storyboard in Resources */,
				98DC2E4F23C315CF00316E38 /* Assets.xcassets in Resources */,
				98DC2E4D23C315CE00316E38 /* Main.storyboard in Resources */,
			);
			runOnlyForDeploymentPostprocessing = 0;
		};
/* End PBXResourcesBuildPhase section */

/* Begin PBXShellScriptBuildPhase section */
		137E471C9BAB6C1432BBE513 /* [CP] Embed Pods Frameworks */ = {
			isa = PBXShellScriptBuildPhase;
			buildActionMask = 2147483647;
			files = (
			);
			inputFileListPaths = (
				"${PODS_ROOT}/Target Support Files/Pods-himalayafm/Pods-himalayafm-frameworks-${CONFIGURATION}-input-files.xcfilelist",
			);
			name = "[CP] Embed Pods Frameworks";
			outputFileListPaths = (
				"${PODS_ROOT}/Target Support Files/Pods-himalayafm/Pods-himalayafm-frameworks-${CONFIGURATION}-output-files.xcfilelist",
			);
			runOnlyForDeploymentPostprocessing = 0;
			shellPath = /bin/sh;
			shellScript = "\"${PODS_ROOT}/Target Support Files/Pods-himalayafm/Pods-himalayafm-frameworks.sh\"\n";
			showEnvVarsInLog = 0;
		};
		5C5EC76D3B95ED8A9FD67870 /* [CP] Check Pods Manifest.lock */ = {
			isa = PBXShellScriptBuildPhase;
			buildActionMask = 2147483647;
			files = (
			);
			inputFileListPaths = (
			);
			inputPaths = (
				"${PODS_PODFILE_DIR_PATH}/Podfile.lock",
				"${PODS_ROOT}/Manifest.lock",
			);
			name = "[CP] Check Pods Manifest.lock";
			outputFileListPaths = (
			);
			outputPaths = (
				"$(DERIVED_FILE_DIR)/Pods-himalayafm-checkManifestLockResult.txt",
			);
			runOnlyForDeploymentPostprocessing = 0;
			shellPath = /bin/sh;
			shellScript = "diff \"${PODS_PODFILE_DIR_PATH}/Podfile.lock\" \"${PODS_ROOT}/Manifest.lock\" > /dev/null\nif [ $? != 0 ] ; then\n    # print error to STDERR\n    echo \"error: The sandbox is not in sync with the Podfile.lock. Run 'pod install' or update your CocoaPods installation.\" >&2\n    exit 1\nfi\n# This output is used by Xcode 'outputs' to avoid re-running this script phase.\necho \"SUCCESS\" > \"${SCRIPT_OUTPUT_FILE_0}\"\n";
			showEnvVarsInLog = 0;
		};
/* End PBXShellScriptBuildPhase section */

/* Begin PBXSourcesBuildPhase section */
		98DC2E3E23C315CE00316E38 /* Sources */ = {
			isa = PBXSourcesBuildPhase;
			buildActionMask = 2147483647;
			files = (
				98DC2E7F23C355AE00316E38 /* WRProxy.swift in Sources */,
				98DC2E7D23C355AE00316E38 /* WRNavigationBar.swift in Sources */,
				98DC2E6123C338CF00316E38 /* MZCustomTabBarController.swift in Sources */,
				98DC2E4A23C315CE00316E38 /* ViewController.swift in Sources */,
				989FBFFF23CC4F7B000254C1 /* MZHomeLiveViewController.swift in Sources */,
				98DC2E5D23C337A400316E38 /* MZHomeViewController.swift in Sources */,
				98DC2E8023C355AE00316E38 /* WRCycleScrollView.swift in Sources */,
				989FBFFB23CC4F43000254C1 /* MZHomeClassifyViewController.swift in Sources */,
				989FBFF623CC4F04000254C1 /* MZHomeRecommandViewController.swift in Sources */,
				98DC2E4623C315CE00316E38 /* AppDelegate.swift in Sources */,
				989FC00123CC4F8A000254C1 /* MZHomeVIPViewController.swift in Sources */,
				98DC2E7223C352FE00316E38 /* MZBounceContentView.swift in Sources */,
				98DC2E4823C315CE00316E38 /* SceneDelegate.swift in Sources */,
				98DC2E8123C355AE00316E38 /* WRCycleCell.swift in Sources */,
				98DC2E6723C33DEC00316E38 /* MZMineViewController.swift in Sources */,
				989FC00423CC73A2000254C1 /* MZRecommandHeaderView.swift in Sources */,
				98DC2E6923C33DF600316E38 /* MZPlayViewController.swift in Sources */,
				98DC2E6B23C340CF00316E38 /* MZIrregularityContentView.swift in Sources */,
				989FBFFD23CC4F5E000254C1 /* MZHomeBroadcastViewController.swift in Sources */,
				98DC2E8323C3566400316E38 /* MZHeader.swift in Sources */,
				98DC2E6523C33D8500316E38 /* MZDiscoverViewController.swift in Sources */,
				98DC2E7E23C355AE00316E38 /* WRCustomNavigationBar.swift in Sources */,
				98DC2E7423C3553C00316E38 /* MZNavigationController.swift in Sources */,
				989FC00623CC7419000254C1 /* MZRecommandFooterView.swift in Sources */,
				98DC2E6323C33D5A00316E38 /* MZListenViewController.swift in Sources */,
			);
			runOnlyForDeploymentPostprocessing = 0;
		};
/* End PBXSourcesBuildPhase section */

/* Begin PBXVariantGroup section */
		98DC2E4B23C315CE00316E38 /* Main.storyboard */ = {
			isa = PBXVariantGroup;
			children = (
				98DC2E4C23C315CE00316E38 /* Base */,
			);
			name = Main.storyboard;
			sourceTree = "<group>";
		};
		98DC2E5023C315CF00316E38 /* LaunchScreen.storyboard */ = {
			isa = PBXVariantGroup;
			children = (
				98DC2E5123C315CF00316E38 /* Base */,
			);
			name = LaunchScreen.storyboard;
			sourceTree = "<group>";
		};
/* End PBXVariantGroup section */

/* Begin XCBuildConfiguration section */
		98DC2E5423C315CF00316E38 /* Debug */ = {
			isa = XCBuildConfiguration;
			buildSettings = {
				ALWAYS_SEARCH_USER_PATHS = NO;
				CLANG_ANALYZER_NONNULL = YES;
				CLANG_ANALYZER_NUMBER_OBJECT_CONVERSION = YES_AGGRESSIVE;
				CLANG_CXX_LANGUAGE_STANDARD = "gnu++14";
				CLANG_CXX_LIBRARY = "libc++";
				CLANG_ENABLE_MODULES = YES;
				CLANG_ENABLE_OBJC_ARC = YES;
				CLANG_ENABLE_OBJC_WEAK = YES;
				CLANG_WARN_BLOCK_CAPTURE_AUTORELEASING = YES;
				CLANG_WARN_BOOL_CONVERSION = YES;
				CLANG_WARN_COMMA = YES;
				CLANG_WARN_CONSTANT_CONVERSION = YES;
				CLANG_WARN_DEPRECATED_OBJC_IMPLEMENTATIONS = YES;
				CLANG_WARN_DIRECT_OBJC_ISA_USAGE = YES_ERROR;
				CLANG_WARN_DOCUMENTATION_COMMENTS = YES;
				CLANG_WARN_EMPTY_BODY = YES;
				CLANG_WARN_ENUM_CONVERSION = YES;
				CLANG_WARN_INFINITE_RECURSION = YES;
				CLANG_WARN_INT_CONVERSION = YES;
				CLANG_WARN_NON_LITERAL_NULL_CONVERSION = YES;
				CLANG_WARN_OBJC_IMPLICIT_RETAIN_SELF = YES;
				CLANG_WARN_OBJC_LITERAL_CONVERSION = YES;
				CLANG_WARN_OBJC_ROOT_CLASS = YES_ERROR;
				CLANG_WARN_RANGE_LOOP_ANALYSIS = YES;
				CLANG_WARN_STRICT_PROTOTYPES = YES;
				CLANG_WARN_SUSPICIOUS_MOVE = YES;
				CLANG_WARN_UNGUARDED_AVAILABILITY = YES_AGGRESSIVE;
				CLANG_WARN_UNREACHABLE_CODE = YES;
				CLANG_WARN__DUPLICATE_METHOD_MATCH = YES;
				COPY_PHASE_STRIP = NO;
				DEBUG_INFORMATION_FORMAT = dwarf;
				ENABLE_STRICT_OBJC_MSGSEND = YES;
				ENABLE_TESTABILITY = YES;
				GCC_C_LANGUAGE_STANDARD = gnu11;
				GCC_DYNAMIC_NO_PIC = NO;
				GCC_NO_COMMON_BLOCKS = YES;
				GCC_OPTIMIZATION_LEVEL = 0;
				GCC_PREPROCESSOR_DEFINITIONS = (
					"DEBUG=1",
					"$(inherited)",
				);
				GCC_WARN_64_TO_32_BIT_CONVERSION = YES;
				GCC_WARN_ABOUT_RETURN_TYPE = YES_ERROR;
				GCC_WARN_UNDECLARED_SELECTOR = YES;
				GCC_WARN_UNINITIALIZED_AUTOS = YES_AGGRESSIVE;
				GCC_WARN_UNUSED_FUNCTION = YES;
				GCC_WARN_UNUSED_VARIABLE = YES;
				IPHONEOS_DEPLOYMENT_TARGET = 13.2;
				MTL_ENABLE_DEBUG_INFO = INCLUDE_SOURCE;
				MTL_FAST_MATH = YES;
				ONLY_ACTIVE_ARCH = YES;
				SDKROOT = iphoneos;
				SWIFT_ACTIVE_COMPILATION_CONDITIONS = DEBUG;
				SWIFT_OPTIMIZATION_LEVEL = "-Onone";
			};
			name = Debug;
		};
		98DC2E5523C315CF00316E38 /* Release */ = {
			isa = XCBuildConfiguration;
			buildSettings = {
				ALWAYS_SEARCH_USER_PATHS = NO;
				CLANG_ANALYZER_NONNULL = YES;
				CLANG_ANALYZER_NUMBER_OBJECT_CONVERSION = YES_AGGRESSIVE;
				CLANG_CXX_LANGUAGE_STANDARD = "gnu++14";
				CLANG_CXX_LIBRARY = "libc++";
				CLANG_ENABLE_MODULES = YES;
				CLANG_ENABLE_OBJC_ARC = YES;
				CLANG_ENABLE_OBJC_WEAK = YES;
				CLANG_WARN_BLOCK_CAPTURE_AUTORELEASING = YES;
				CLANG_WARN_BOOL_CONVERSION = YES;
				CLANG_WARN_COMMA = YES;
				CLANG_WARN_CONSTANT_CONVERSION = YES;
				CLANG_WARN_DEPRECATED_OBJC_IMPLEMENTATIONS = YES;
				CLANG_WARN_DIRECT_OBJC_ISA_USAGE = YES_ERROR;
				CLANG_WARN_DOCUMENTATION_COMMENTS = YES;
				CLANG_WARN_EMPTY_BODY = YES;
				CLANG_WARN_ENUM_CONVERSION = YES;
				CLANG_WARN_INFINITE_RECURSION = YES;
				CLANG_WARN_INT_CONVERSION = YES;
				CLANG_WARN_NON_LITERAL_NULL_CONVERSION = YES;
				CLANG_WARN_OBJC_IMPLICIT_RETAIN_SELF = YES;
				CLANG_WARN_OBJC_LITERAL_CONVERSION = YES;
				CLANG_WARN_OBJC_ROOT_CLASS = YES_ERROR;
				CLANG_WARN_RANGE_LOOP_ANALYSIS = YES;
				CLANG_WARN_STRICT_PROTOTYPES = YES;
				CLANG_WARN_SUSPICIOUS_MOVE = YES;
				CLANG_WARN_UNGUARDED_AVAILABILITY = YES_AGGRESSIVE;
				CLANG_WARN_UNREACHABLE_CODE = YES;
				CLANG_WARN__DUPLICATE_METHOD_MATCH = YES;
				COPY_PHASE_STRIP = NO;
				DEBUG_INFORMATION_FORMAT = "dwarf-with-dsym";
				ENABLE_NS_ASSERTIONS = NO;
				ENABLE_STRICT_OBJC_MSGSEND = YES;
				GCC_C_LANGUAGE_STANDARD = gnu11;
				GCC_NO_COMMON_BLOCKS = YES;
				GCC_WARN_64_TO_32_BIT_CONVERSION = YES;
				GCC_WARN_ABOUT_RETURN_TYPE = YES_ERROR;
				GCC_WARN_UNDECLARED_SELECTOR = YES;
				GCC_WARN_UNINITIALIZED_AUTOS = YES_AGGRESSIVE;
				GCC_WARN_UNUSED_FUNCTION = YES;
				GCC_WARN_UNUSED_VARIABLE = YES;
				IPHONEOS_DEPLOYMENT_TARGET = 13.2;
				MTL_ENABLE_DEBUG_INFO = NO;
				MTL_FAST_MATH = YES;
				SDKROOT = iphoneos;
				SWIFT_COMPILATION_MODE = wholemodule;
				SWIFT_OPTIMIZATION_LEVEL = "-O";
				VALIDATE_PRODUCT = YES;
			};
			name = Release;
		};
		98DC2E5723C315CF00316E38 /* Debug */ = {
			isa = XCBuildConfiguration;
			baseConfigurationReference = 5A95D5FF408F4F2422C7EC55 /* Pods-himalayafm.debug.xcconfig */;
			buildSettings = {
				ASSETCATALOG_COMPILER_APPICON_NAME = AppIcon;
				CODE_SIGN_STYLE = Automatic;
				DEVELOPMENT_TEAM = 42J834FD3B;
				INFOPLIST_FILE = himalayafm/Info.plist;
				LD_RUNPATH_SEARCH_PATHS = (
					"$(inherited)",
					"@executable_path/Frameworks",
				);
				PRODUCT_BUNDLE_IDENTIFIER = com.fusu.himalayafm;
				PRODUCT_NAME = "$(TARGET_NAME)";
				SWIFT_VERSION = 5.0;
				TARGETED_DEVICE_FAMILY = "1,2";
			};
			name = Debug;
		};
		98DC2E5823C315CF00316E38 /* Release */ = {
			isa = XCBuildConfiguration;
			baseConfigurationReference = B0529E81282DE039B94CD61C /* Pods-himalayafm.release.xcconfig */;
			buildSettings = {
				ASSETCATALOG_COMPILER_APPICON_NAME = AppIcon;
				CODE_SIGN_STYLE = Automatic;
				DEVELOPMENT_TEAM = 42J834FD3B;
				INFOPLIST_FILE = himalayafm/Info.plist;
				LD_RUNPATH_SEARCH_PATHS = (
					"$(inherited)",
					"@executable_path/Frameworks",
				);
				PRODUCT_BUNDLE_IDENTIFIER = com.fusu.himalayafm;
				PRODUCT_NAME = "$(TARGET_NAME)";
				SWIFT_VERSION = 5.0;
				TARGETED_DEVICE_FAMILY = "1,2";
			};
			name = Release;
		};
/* End XCBuildConfiguration section */

/* Begin XCConfigurationList section */
		98DC2E3D23C315CE00316E38 /* Build configuration list for PBXProject "himalayafm" */ = {
			isa = XCConfigurationList;
			buildConfigurations = (
				98DC2E5423C315CF00316E38 /* Debug */,
				98DC2E5523C315CF00316E38 /* Release */,
			);
			defaultConfigurationIsVisible = 0;
			defaultConfigurationName = Release;
		};
		98DC2E5623C315CF00316E38 /* Build configuration list for PBXNativeTarget "himalayafm" */ = {
			isa = XCConfigurationList;
			buildConfigurations = (
				98DC2E5723C315CF00316E38 /* Debug */,
				98DC2E5823C315CF00316E38 /* Release */,
			);
			defaultConfigurationIsVisible = 0;
			defaultConfigurationName = Release;
		};
/* End XCConfigurationList section */
	};
	rootObject = 98DC2E3A23C315CE00316E38 /* Project object */;
}
